
Microsoft Visual Studio Solution File, Format Version 12.00
Project("{FAE04EC0-301F-11D3-BF4B-00C04F79EFBC}") = "prmPract1.2", "prmPract1.2\prmPract1.2.csproj", "{6F23A647-BD20-49C5-80A1-BEAC66471518}"
EndProject
Project("{FAE04EC0-301F-11D3-BF4B-00C04F79EFBC}") = "rmpPract1.3", "rmpPract1.3\rmpPract1.3.csproj", "{03208D28-7128-4251-9C7C-011D50968106}"
EndProject
Global
	GlobalSection(SolutionConfigurationPlatforms) = preSolution
		Debug|Any CPU = Debug|Any CPU
		Release|Any CPU = Release|Any CPU
	EndGlobalSection
	GlobalSection(ProjectConfigurationPlatforms) = postSolution
		{6F23A647-BD20-49C5-80A1-BEAC66471518}.Debug|Any CPU.ActiveCfg = Debug|Any CPU
		{6F23A647-BD20-49C5-80A1-BEAC66471518}.Debug|Any CPU.Build.0 = Debug|Any CPU
		{6F23A647-BD20-49C5-80A1-BEAC66471518}.Release|Any CPU.ActiveCfg = Release|Any CPU
		{6F23A647-BD20-49C5-80A1-BEAC66471518}.Release|Any CPU.Build.0 = Release|Any CPU
		{03208D28-7128-4251-9C7C-011D50968106}.Debug|Any CPU.ActiveCfg = Debug|Any CPU
		{03208D28-7128-4251-9C7C-011D50968106}.Debug|Any CPU.Build.0 = Debug|Any CPU
		{03208D28-7128-4251-9C7C-011D50968106}.Release|Any CPU.ActiveCfg = Release|Any CPU
		{03208D28-7128-4251-9C7C-011D50968106}.Release|Any CPU.Build.0 = Release|Any CPU
	EndGlobalSection
EndGlobal
